// !$*UTF8*$!
{
	archiveVersion = 1;
	classes = {
	};
	objectVersion = 46;
	objects = {

/* Begin PBXBuildFile section */
		501C0AD51F2341DA008C47AF /* main.m in Sources */ = {isa = PBXBuildFile; fileRef = 501C0AD41F2341DA008C47AF /* main.m */; };
		501C0AD81F2341DA008C47AF /* AppDelegate.m in Sources */ = {isa = PBXBuildFile; fileRef = 501C0AD71F2341DA008C47AF /* AppDelegate.m */; };
		501C0ADB1F2341DA008C47AF /* ViewController.m in Sources */ = {isa = PBXBuildFile; fileRef = 501C0ADA1F2341DA008C47AF /* ViewController.m */; };
		501C0ADE1F2341DA008C47AF /* Main.storyboard in Resources */ = {isa = PBXBuildFile; fileRef = 501C0ADC1F2341DA008C47AF /* Main.storyboard */; };
		501C0AE01F2341DA008C47AF /* Assets.xcassets in Resources */ = {isa = PBXBuildFile; fileRef = 501C0ADF1F2341DA008C47AF /* Assets.xcassets */; };
		501C0AE31F2341DA008C47AF /* LaunchScreen.storyboard in Resources */ = {isa = PBXBuildFile; fileRef = 501C0AE11F2341DA008C47AF /* LaunchScreen.storyboard */; };
		501C0AF31F234265008C47AF /* UIView+HHAddSubviews.m in Sources */ = {isa = PBXBuildFile; fileRef = 501C0AF01F234265008C47AF /* UIView+HHAddSubviews.m */; };
		50C21B0922EB282300F5BF8E /* UIView+HHLayout.m in Sources */ = {isa = PBXBuildFile; fileRef = 50C21B0822EB282300F5BF8E /* UIView+HHLayout.m */; };
/* End PBXBuildFile section */

/* Begin PBXFileReference section */
		501C0AD01F2341DA008C47AF /* BlockAddSubViewDemo.app */ = {isa = PBXFileReference; explicitFileType = wrapper.application; includeInIndex = 0; path = BlockAddSubViewDemo.app; sourceTree = BUILT_PRODUCTS_DIR; };
		501C0AD41F2341DA008C47AF /* main.m */ = {isa = PBXFileReference; lastKnownFileType = sourcecode.c.objc; path = main.m; sourceTree = "<group>"; };
		501C0AD61F2341DA008C47AF /* AppDelegate.h */ = {isa = PBXFileReference; lastKnownFileType = sourcecode.c.h; path = AppDelegate.h; sourceTree = "<group>"; };
		501C0AD71F2341DA008C47AF /* AppDelegate.m */ = {isa = PBXFileReference; lastKnownFileType = sourcecode.c.objc; path = AppDelegate.m; sourceTree = "<group>"; };
		501C0AD91F2341DA008C47AF /* ViewController.h */ = {isa = PBXFileReference; lastKnownFileType = sourcecode.c.h; path = ViewController.h; sourceTree = "<group>"; };
		501C0ADA1F2341DA008C47AF /* ViewController.m */ = {isa = PBXFileReference; lastKnownFileType = sourcecode.c.objc; path = ViewController.m; sourceTree = "<group>"; };
		501C0ADD1F2341DA008C47AF /* Base */ = {isa = PBXFileReference; lastKnownFileType = file.storyboard; name = Base; path = Base.lproj/Main.storyboard; sourceTree = "<group>"; };
		501C0ADF1F2341DA008C47AF /* Assets.xcassets */ = {isa = PBXFileReference; lastKnownFileType = folder.assetcatalog; path = Assets.xcassets; sourceTree = "<group>"; };
		501C0AE21F2341DA008C47AF /* Base */ = {isa = PBXFileReference; lastKnownFileType = file.storyboard; name = Base; path = Base.lproj/LaunchScreen.storyboard; sourceTree = "<group>"; };
		501C0AE41F2341DA008C47AF /* Info.plist */ = {isa = PBXFileReference; lastKnownFileType = text.plist.xml; path = Info.plist; sourceTree = "<group>"; };
		501C0AEF1F234265008C47AF /* UIView+HHAddSubviews.h */ = {isa = PBXFileReference; fileEncoding = 4; lastKnownFileType = sourcecode.c.h; path = "UIView+HHAddSubviews.h"; sourceTree = "<group>"; };
		501C0AF01F234265008C47AF /* UIView+HHAddSubviews.m */ = {isa = PBXFileReference; fileEncoding = 4; lastKnownFileType = sourcecode.c.objc; path = "UIView+HHAddSubviews.m"; sourceTree = "<group>"; };
		50C21B0722EB282300F5BF8E /* UIView+HHLayout.h */ = {isa = PBXFileReference; fileEncoding = 4; lastKnownFileType = sourcecode.c.h; path = "UIView+HHLayout.h"; sourceTree = "<group>"; };
		50C21B0822EB282300F5BF8E /* UIView+HHLayout.m */ = {isa = PBXFileReference; fileEncoding = 4; lastKnownFileType = sourcecode.c.objc; path = "UIView+HHLayout.m"; sourceTree = "<group>"; };
/* End PBXFileReference section */

/* Begin PBXFrameworksBuildPhase section */
		501C0ACD1F2341DA008C47AF /* Frameworks */ = {
			isa = PBXFrameworksBuildPhase;
			buildActionMask = 2147483647;
			files = (
			);
			runOnlyForDeploymentPostprocessing = 0;
		};
/* End PBXFrameworksBuildPhase section */

/* Begin PBXGroup section */
		501C0AC71F2341DA008C47AF = {
			isa = PBXGroup;
			children = (
				501C0AEA1F234265008C47AF /* HHAddSubviews */,
				501C0AD21F2341DA008C47AF /* BlockAddSubViewDemo */,
				501C0AD11F2341DA008C47AF /* Products */,
			);
			sourceTree = "<group>";
		};
		501C0AD11F2341DA008C47AF /* Products */ = {
			isa = PBXGroup;
			children = (
				501C0AD01F2341DA008C47AF /* BlockAddSubViewDemo.app */,
			);
			name = Products;
			sourceTree = "<group>";
		};
		501C0AD21F2341DA008C47AF /* BlockAddSubViewDemo */ = {
			isa = PBXGroup;
			children = (
				501C0AD61F2341DA008C47AF /* AppDelegate.h */,
				501C0AD71F2341DA008C47AF /* AppDelegate.m */,
				501C0AD91F2341DA008C47AF /* ViewController.h */,
				501C0ADA1F2341DA008C47AF /* ViewController.m */,
				501C0ADC1F2341DA008C47AF /* Main.storyboard */,
				501C0ADF1F2341DA008C47AF /* Assets.xcassets */,
				501C0AE11F2341DA008C47AF /* LaunchScreen.storyboard */,
				501C0AE41F2341DA008C47AF /* Info.plist */,
				501C0AD31F2341DA008C47AF /* Supporting Files */,
			);
			path = BlockAddSubViewDemo;
			sourceTree = "<group>";
		};
		501C0AD31F2341DA008C47AF /* Supporting Files */ = {
			isa = PBXGroup;
			children = (
				501C0AD41F2341DA008C47AF /* main.m */,
			);
			name = "Supporting Files";
			sourceTree = "<group>";
		};
		501C0AEA1F234265008C47AF /* HHAddSubviews */ = {
			isa = PBXGroup;
			children = (
				501C0AEF1F234265008C47AF /* UIView+HHAddSubviews.h */,
				501C0AF01F234265008C47AF /* UIView+HHAddSubviews.m */,
				50C21B0722EB282300F5BF8E /* UIView+HHLayout.h */,
				50C21B0822EB282300F5BF8E /* UIView+HHLayout.m */,
			);
			path = HHAddSubviews;
			sourceTree = "<group>";
		};
/* End PBXGroup section */

/* Begin PBXNativeTarget section */
		501C0ACF1F2341DA008C47AF /* BlockAddSubViewDemo */ = {
			isa = PBXNativeTarget;
			buildConfigurationList = 501C0AE71F2341DA008C47AF /* Build configuration list for PBXNativeTarget "BlockAddSubViewDemo" */;
			buildPhases = (
				501C0ACC1F2341DA008C47AF /* Sources */,
				501C0ACD1F2341DA008C47AF /* Frameworks */,
				501C0ACE1F2341DA008C47AF /* Resources */,
			);
			buildRules = (
			);
			dependencies = (
			);
			name = BlockAddSubViewDemo;
			productName = BlockAddSubViewDemo;
			productReference = 501C0AD01F2341DA008C47AF /* BlockAddSubViewDemo.app */;
			productType = "com.apple.product-type.application";
		};
/* End PBXNativeTarget section */

/* Begin PBXProject section */
		501C0AC81F2341DA008C47AF /* Project object */ = {
			isa = PBXProject;
			attributes = {
				LastUpgradeCheck = 0830;
				ORGANIZATIONNAME = "豫风";
				TargetAttributes = {
					501C0ACF1F2341DA008C47AF = {
						CreatedOnToolsVersion = 8.3.2;
						DevelopmentTeam = Q9D8889WQL;
						ProvisioningStyle = Automatic;
					};
				};
			};
			buildConfigurationList = 501C0ACB1F2341DA008C47AF /* Build configuration list for PBXProject "BlockAddSubViewDemo" */;
			compatibilityVersion = "Xcode 3.2";
			developmentRegion = English;
			hasScannedForEncodings = 0;
			knownRegions = (
				English,
				en,
				Base,
			);
			mainGroup = 501C0AC71F2341DA008C47AF;
			productRefGroup = 501C0AD11F2341DA008C47AF /* Products */;
			projectDirPath = "";
			projectRoot = "";
			targets = (
				501C0ACF1F2341DA008C47AF /* BlockAddSubViewDemo */,
			);
		};
/* End PBXProject section */

/* Begin PBXResourcesBuildPhase section */
		501C0ACE1F2341DA008C47AF /* Resources */ = {
			isa = PBXResourcesBuildPhase;
			buildActionMask = 2147483647;
			files = (
				501C0AE31F2341DA008C47AF /* LaunchScreen.storyboard in Resources */,
				501C0AE01F2341DA008C47AF /* Assets.xcassets in Resources */,
				501C0ADE1F2341DA008C47AF /* Main.storyboard in Resources */,
			);
			runOnlyForDeploymentPostprocessing = 0;
		};
/* End PBXResourcesBuildPhase section */

/* Begin PBXSourcesBuildPhase section */
		501C0ACC1F2341DA008C47AF /* Sources */ = {
			isa = PBXSourcesBuildPhase;
			buildActionMask = 2147483647;
			files = (
				501C0ADB1F2341DA008C47AF /* ViewController.m in Sources */,
				501C0AF31F234265008C47AF /* UIView+HHAddSubviews.m in Sources */,
				50C21B0922EB282300F5BF8E /* UIView+HHLayout.m in Sources */,
				501C0AD81F2341DA008C47AF /* AppDelegate.m in Sources */,
				501C0AD51F2341DA008C47AF /* main.m in Sources */,
			);
			runOnlyForDeploymentPostprocessing = 0;
		};
/* End PBXSourcesBuildPhase section */

/* Begin PBXVariantGroup section */
		501C0ADC1F2341DA008C47AF /* Main.storyboard */ = {
			isa = PBXVariantGroup;
			children = (
				501C0ADD1F2341DA008C47AF /* Base */,
			);
			name = Main.storyboard;
			sourceTree = "<group>";
		};
		501C0AE11F2341DA008C47AF /* LaunchScreen.storyboard */ = {
			isa = PBXVariantGroup;
			children = (
				501C0AE21F2341DA008C47AF /* Base */,
			);
			name = LaunchScreen.storyboard;
			sourceTree = "<group>";
		};
/* End PBXVariantGroup section */

/* Begin XCBuildConfiguration section */
		501C0AE51F2341DA008C47AF /* Debug */ = {
			isa = XCBuildConfiguration;
			buildSettings = {
				ALWAYS_SEARCH_USER_PATHS = NO;
				CLANG_ANALYZER_NONNULL = YES;
				CLANG_ANALYZER_NUMBER_OBJECT_CONVERSION = YES_AGGRESSIVE;
				CLANG_CXX_LANGUAGE_STANDARD = "gnu++0x";
				CLANG_CXX_LIBRARY = "libc++";
				CLANG_ENABLE_MODULES = YES;
				CLANG_ENABLE_OBJC_ARC = YES;
				CLANG_WARN_BOOL_CONVERSION = YES;
				CLANG_WARN_CONSTANT_CONVERSION = YES;
				CLANG_WARN_DIRECT_OBJC_ISA_USAGE = YES_ERROR;
				CLANG_WARN_DOCUMENTATION_COMMENTS = YES;
				CLANG_WARN_EMPTY_BODY = YES;
				CLANG_WARN_ENUM_CONVERSION = YES;
				CLANG_WARN_INFINITE_RECURSION = YES;
				CLANG_WARN_INT_CONVERSION = YES;
				CLANG_WARN_OBJC_ROOT_CLASS = YES_ERROR;
				CLANG_WARN_SUSPICIOUS_MOVE = YES;
				CLANG_WARN_UNREACHABLE_CODE = YES;
				CLANG_WARN__DUPLICATE_METHOD_MATCH = YES;
				"CODE_SIGN_IDENTITY[sdk=iphoneos*]" = "iPhone Developer";
				COPY_PHASE_STRIP = NO;
				DEBUG_INFORMATION_FORMAT = dwarf;
				ENABLE_STRICT_OBJC_MSGSEND = YES;
				ENABLE_TESTABILITY = YES;
				GCC_C_LANGUAGE_STANDARD = gnu99;
				GCC_DYNAMIC_NO_PIC = NO;
				GCC_NO_COMMON_BLOCKS = YES;
				GCC_OPTIMIZATION_LEVEL = 0;
				GCC_PREPROCESSOR_DEFINITIONS = (
					"DEBUG=1",
					"$(inherited)",
				);
				GCC_WARN_64_TO_32_BIT_CONVERSION = YES;
				GCC_WARN_ABOUT_RETURN_TYPE = YES_ERROR;
				GCC_WARN_UNDECLARED_SELECTOR = YES;
				GCC_WARN_UNINITIALIZED_AUTOS = YES_AGGRESSIVE;
				GCC_WARN_UNUSED_FUNCTION = YES;
				GCC_WARN_UNUSED_VARIABLE = YES;
				IPHONEOS_DEPLOYMENT_TARGET = 10.3;
				MTL_ENABLE_DEBUG_INFO = YES;
				ONLY_ACTIVE_ARCH = YES;
				SDKROOT = iphoneos;
				TARGETED_DEVICE_FAMILY = "1,2";
			};
			name = Debug;
		};
		501C0AE61F2341DA008C47AF /* Release */ = {
			isa = XCBuildConfiguration;
			buildSettings = {
				ALWAYS_SEARCH_USER_PATHS = NO;
				CLANG_ANALYZER_NONNULL = YES;
				CLANG_ANALYZER_NUMBER_OBJECT_CONVERSION = YES_AGGRESSIVE;
				CLANG_CXX_LANGUAGE_STANDARD = "gnu++0x";
				CLANG_CXX_LIBRARY = "libc++";
				CLANG_ENABLE_MODULES = YES;
				CLANG_ENABLE_OBJC_ARC = YES;
				CLANG_WARN_BOOL_CONVERSION = YES;
				CLANG_WARN_CONSTANT_CONVERSION = YES;
				CLANG_WARN_DIRECT_OBJC_ISA_USAGE = YES_ERROR;
				CLANG_WARN_DOCUMENTATION_COMMENTS = YES;
				CLANG_WARN_EMPTY_BODY = YES;
				CLANG_WARN_ENUM_CONVERSION = YES;
				CLANG_WARN_INFINITE_RECURSION = YES;
				CLANG_WARN_INT_CONVERSION = YES;
				CLANG_WARN_OBJC_ROOT_CLASS = YES_ERROR;
				CLANG_WARN_SUSPICIOUS_MOVE = YES;
				CLANG_WARN_UNREACHABLE_CODE = YES;
				CLANG_WARN__DUPLICATE_METHOD_MATCH = YES;
				"CODE_SIGN_IDENTITY[sdk=iphoneos*]" = "iPhone Developer";
				COPY_PHASE_STRIP = NO;
				DEBUG_INFORMATION_FORMAT = "dwarf-with-dsym";
				ENABLE_NS_ASSERTIONS = NO;
				ENABLE_STRICT_OBJC_MSGSEND = YES;
				GCC_C_LANGUAGE_STANDARD = gnu99;
				GCC_NO_COMMON_BLOCKS = YES;
				GCC_WARN_64_TO_32_BIT_CONVERSION = YES;
				GCC_WARN_ABOUT_RETURN_TYPE = YES_ERROR;
				GCC_WARN_UNDECLARED_SELECTOR = YES;
				GCC_WARN_UNINITIALIZED_AUTOS = YES_AGGRESSIVE;
				GCC_WARN_UNUSED_FUNCTION = YES;
				GCC_WARN_UNUSED_VARIABLE = YES;
				IPHONEOS_DEPLOYMENT_TARGET = 10.3;
				MTL_ENABLE_DEBUG_INFO = NO;
				SDKROOT = iphoneos;
				TARGETED_DEVICE_FAMILY = "1,2";
				VALIDATE_PRODUCT = YES;
			};
			name = Release;
		};
		501C0AE81F2341DA008C47AF /* Debug */ = {
			isa = XCBuildConfiguration;
			buildSettings = {
				ASSETCATALOG_COMPILER_APPICON_NAME = AppIcon;
				DEVELOPMENT_TEAM = Q9D8889WQL;
				INFOPLIST_FILE = BlockAddSubViewDemo/Info.plist;
				IPHONEOS_DEPLOYMENT_TARGET = 8.0;
				LD_RUNPATH_SEARCH_PATHS = "$(inherited) @executable_path/Frameworks";
				PRODUCT_BUNDLE_IDENTIFIER = hxw.BlockAddSubViewDemo;
				PRODUCT_NAME = "$(TARGET_NAME)";
			};
			name = Debug;
		};
		501C0AE91F2341DA008C47AF /* Release */ = {
			isa = XCBuildConfiguration;
			buildSettings = {
				ASSETCATALOG_COMPILER_APPICON_NAME = AppIcon;
				DEVELOPMENT_TEAM = Q9D8889WQL;
				INFOPLIST_FILE = BlockAddSubViewDemo/Info.plist;
				IPHONEOS_DEPLOYMENT_TARGET = 8.0;
				LD_RUNPATH_SEARCH_PATHS = "$(inherited) @executable_path/Frameworks";
				PRODUCT_BUNDLE_IDENTIFIER = hxw.BlockAddSubViewDemo;
				PRODUCT_NAME = "$(TARGET_NAME)";
			};
			name = Release;
		};
/* End XCBuildConfiguration section */

/* Begin XCConfigurationList section */
		501C0ACB1F2341DA008C47AF /* Build configuration list for PBXProject "BlockAddSubViewDemo" */ = {
			isa = XCConfigurationList;
			buildConfigurations = (
				501C0AE51F2341DA008C47AF /* Debug */,
				501C0AE61F2341DA008C47AF /* Release */,
			);
			defaultConfigurationIsVisible = 0;
			defaultConfigurationName = Release;
		};
		501C0AE71F2341DA008C47AF /* Build configuration list for PBXNativeTarget "BlockAddSubViewDemo" */ = {
			isa = XCConfigurationList;
			buildConfigurations = (
				501C0AE81F2341DA008C47AF /* Debug */,
				501C0AE91F2341DA008C47AF /* Release */,
			);
			defaultConfigurationIsVisible = 0;
			defaultConfigurationName = Release;
		};
/* End XCConfigurationList section */
	};
	rootObject = 501C0AC81F2341DA008C47AF /* Project object */;
}
